// !$*UTF8*$!
{
	archiveVersion = 1;
	classes = {
	};
	objectVersion = 50;
	objects = {

/* Begin PBXBuildFile section */
		ED51351E216F8993004D71E3 /* imageCollectionViewController.swift in Sources */ = {isa = PBXBuildFile; fileRef = ED513516216F8993004D71E3 /* imageCollectionViewController.swift */; };
		ED51351F216F8993004D71E3 /* imageCollectionViewCell.swift in Sources */ = {isa = PBXBuildFile; fileRef = ED513517216F8993004D71E3 /* imageCollectionViewCell.swift */; };
		ED513520216F8993004D71E3 /* Consts.swift in Sources */ = {isa = PBXBuildFile; fileRef = ED513518216F8993004D71E3 /* Consts.swift */; };
		ED513522216F8993004D71E3 /* Utilities.swift in Sources */ = {isa = PBXBuildFile; fileRef = ED51351A216F8993004D71E3 /* Utilities.swift */; };
		ED513523216F8994004D71E3 /* Address.swift in Sources */ = {isa = PBXBuildFile; fileRef = ED51351B216F8993004D71E3 /* Address.swift */; };
		ED513524216F8994004D71E3 /* ImageViewController.swift in Sources */ = {isa = PBXBuildFile; fileRef = ED51351C216F8993004D71E3 /* ImageViewController.swift */; };
		ED513525216F8994004D71E3 /* ImageGallery.swift in Sources */ = {isa = PBXBuildFile; fileRef = ED51351D216F8993004D71E3 /* ImageGallery.swift */; };
		EDEC5CC6216E907800517854 /* AppDelegate.swift in Sources */ = {isa = PBXBuildFile; fileRef = EDEC5CC5216E907800517854 /* AppDelegate.swift */; };
		EDEC5CC8216E907800517854 /* DocumentBrowserViewController.swift in Sources */ = {isa = PBXBuildFile; fileRef = EDEC5CC7216E907800517854 /* DocumentBrowserViewController.swift */; };
		EDEC5CCC216E907800517854 /* ImageGalleryDocument.swift in Sources */ = {isa = PBXBuildFile; fileRef = EDEC5CCB216E907800517854 /* ImageGalleryDocument.swift */; };
		EDEC5CCF216E907800517854 /* Main.storyboard in Resources */ = {isa = PBXBuildFile; fileRef = EDEC5CCD216E907800517854 /* Main.storyboard */; };
		EDEC5CD1216E907C00517854 /* Assets.xcassets in Resources */ = {isa = PBXBuildFile; fileRef = EDEC5CD0216E907C00517854 /* Assets.xcassets */; };
		EDEC5CD4216E907C00517854 /* LaunchScreen.storyboard in Resources */ = {isa = PBXBuildFile; fileRef = EDEC5CD2216E907C00517854 /* LaunchScreen.storyboard */; };
/* End PBXBuildFile section */

/* Begin PBXFileReference section */
		ED513516216F8993004D71E3 /* imageCollectionViewController.swift */ = {isa = PBXFileReference; fileEncoding = 4; lastKnownFileType = sourcecode.swift; path = imageCollectionViewController.swift; sourceTree = "<group>"; };
		ED513517216F8993004D71E3 /* imageCollectionViewCell.swift */ = {isa = PBXFileReference; fileEncoding = 4; lastKnownFileType = sourcecode.swift; path = imageCollectionViewCell.swift; sourceTree = "<group>"; };
		ED513518216F8993004D71E3 /* Consts.swift */ = {isa = PBXFileReference; fileEncoding = 4; lastKnownFileType = sourcecode.swift; path = Consts.swift; sourceTree = "<group>"; };
		ED51351A216F8993004D71E3 /* Utilities.swift */ = {isa = PBXFileReference; fileEncoding = 4; lastKnownFileType = sourcecode.swift; path = Utilities.swift; sourceTree = "<group>"; };
		ED51351B216F8993004D71E3 /* Address.swift */ = {isa = PBXFileReference; fileEncoding = 4; lastKnownFileType = sourcecode.swift; path = Address.swift; sourceTree = "<group>"; };
		ED51351C216F8993004D71E3 /* ImageViewController.swift */ = {isa = PBXFileReference; fileEncoding = 4; lastKnownFileType = sourcecode.swift; path = ImageViewController.swift; sourceTree = "<group>"; };
		ED51351D216F8993004D71E3 /* ImageGallery.swift */ = {isa = PBXFileReference; fileEncoding = 4; lastKnownFileType = sourcecode.swift; path = ImageGallery.swift; sourceTree = "<group>"; };
		EDEC5CC2216E907800517854 /* Persist Image Gallery.app */ = {isa = PBXFileReference; explicitFileType = wrapper.application; includeInIndex = 0; path = "Persist Image Gallery.app"; sourceTree = BUILT_PRODUCTS_DIR; };
		EDEC5CC5216E907800517854 /* AppDelegate.swift */ = {isa = PBXFileReference; lastKnownFileType = sourcecode.swift; path = AppDelegate.swift; sourceTree = "<group>"; };
		EDEC5CC7216E907800517854 /* DocumentBrowserViewController.swift */ = {isa = PBXFileReference; lastKnownFileType = sourcecode.swift; path = DocumentBrowserViewController.swift; sourceTree = "<group>"; };
		EDEC5CCB216E907800517854 /* ImageGalleryDocument.swift */ = {isa = PBXFileReference; lastKnownFileType = sourcecode.swift; path = ImageGalleryDocument.swift; sourceTree = "<group>"; };
		EDEC5CCE216E907800517854 /* Base */ = {isa = PBXFileReference; lastKnownFileType = file.storyboard; name = Base; path = Base.lproj/Main.storyboard; sourceTree = "<group>"; };
		EDEC5CD0216E907C00517854 /* Assets.xcassets */ = {isa = PBXFileReference; lastKnownFileType = folder.assetcatalog; path = Assets.xcassets; sourceTree = "<group>"; };
		EDEC5CD3216E907C00517854 /* Base */ = {isa = PBXFileReference; lastKnownFileType = file.storyboard; name = Base; path = Base.lproj/LaunchScreen.storyboard; sourceTree = "<group>"; };
		EDEC5CD5216E907C00517854 /* Info.plist */ = {isa = PBXFileReference; lastKnownFileType = text.plist.xml; path = Info.plist; sourceTree = "<group>"; };
/* End PBXFileReference section */

/* Begin PBXFrameworksBuildPhase section */
		EDEC5CBF216E907800517854 /* Frameworks */ = {
			isa = PBXFrameworksBuildPhase;
			buildActionMask = 2147483647;
			files = (
			);
			runOnlyForDeploymentPostprocessing = 0;
		};
/* End PBXFrameworksBuildPhase section */

/* Begin PBXGroup section */
		ED513502216F83C5004D71E3 /* supporting files */ = {
			isa = PBXGroup;
			children = (
				EDEC5CC5216E907800517854 /* AppDelegate.swift */,
				EDEC5CD0216E907C00517854 /* Assets.xcassets */,
				EDEC5CD2216E907C00517854 /* LaunchScreen.storyboard */,
			);
			path = "supporting files";
			sourceTree = "<group>";
		};
		ED513526216F899F004D71E3 /* model */ = {
			isa = PBXGroup;
			children = (
				ED51351A216F8993004D71E3 /* Utilities.swift */,
				ED51351D216F8993004D71E3 /* ImageGallery.swift */,
				ED513518216F8993004D71E3 /* Consts.swift */,
				ED51351B216F8993004D71E3 /* Address.swift */,
			);
			path = model;
			sourceTree = "<group>";
		};
		ED513527216F89BE004D71E3 /* collection view */ = {
			isa = PBXGroup;
			children = (
				ED513517216F8993004D71E3 /* imageCollectionViewCell.swift */,
				ED513516216F8993004D71E3 /* imageCollectionViewController.swift */,
				ED51351C216F8993004D71E3 /* ImageViewController.swift */,
			);
			path = "collection view";
			sourceTree = "<group>";
		};
		EDEC5CB9216E907800517854 = {
			isa = PBXGroup;
			children = (
				EDEC5CC4216E907800517854 /* Persist Image Gallery */,
				EDEC5CC3216E907800517854 /* Products */,
			);
			sourceTree = "<group>";
		};
		EDEC5CC3216E907800517854 /* Products */ = {
			isa = PBXGroup;
			children = (
				EDEC5CC2216E907800517854 /* Persist Image Gallery.app */,
			);
			name = Products;
			sourceTree = "<group>";
		};
		EDEC5CC4216E907800517854 /* Persist Image Gallery */ = {
			isa = PBXGroup;
			children = (
				ED513527216F89BE004D71E3 /* collection view */,
				ED513526216F899F004D71E3 /* model */,
				ED513502216F83C5004D71E3 /* supporting files */,
				EDEC5CC7216E907800517854 /* DocumentBrowserViewController.swift */,
				EDEC5CCB216E907800517854 /* ImageGalleryDocument.swift */,
				EDEC5CCD216E907800517854 /* Main.storyboard */,
				EDEC5CD5216E907C00517854 /* Info.plist */,
			);
			path = "Persist Image Gallery";
			sourceTree = "<group>";
		};
/* End PBXGroup section */

/* Begin PBXNativeTarget section */
		EDEC5CC1216E907800517854 /* Persist Image Gallery */ = {
			isa = PBXNativeTarget;
			buildConfigurationList = EDEC5CD8216E907C00517854 /* Build configuration list for PBXNativeTarget "Persist Image Gallery" */;
			buildPhases = (
				EDEC5CBE216E907800517854 /* Sources */,
				EDEC5CBF216E907800517854 /* Frameworks */,
				EDEC5CC0216E907800517854 /* Resources */,
			);
			buildRules = (
			);
			dependencies = (
			);
			name = "Persist Image Gallery";
			productName = "Persist Image Gallery";
			productReference = EDEC5CC2216E907800517854 /* Persist Image Gallery.app */;
			productType = "com.apple.product-type.application";
		};
/* End PBXNativeTarget section */

/* Begin PBXProject section */
		EDEC5CBA216E907800517854 /* Project object */ = {
			isa = PBXProject;
			attributes = {
				LastSwiftUpdateCheck = 1000;
				LastUpgradeCheck = 1000;
				ORGANIZATIONNAME = "Apple Macbook";
				TargetAttributes = {
					EDEC5CC1216E907800517854 = {
						CreatedOnToolsVersion = 10.0;
					};
				};
			};
			buildConfigurationList = EDEC5CBD216E907800517854 /* Build configuration list for PBXProject "Persist Image Gallery" */;
			compatibilityVersion = "Xcode 9.3";
			developmentRegion = en;
			hasScannedForEncodings = 0;
			knownRegions = (
				en,
				Base,
			);
			mainGroup = EDEC5CB9216E907800517854;
			productRefGroup = EDEC5CC3216E907800517854 /* Products */;
			projectDirPath = "";
			projectRoot = "";
			targets = (
				EDEC5CC1216E907800517854 /* Persist Image Gallery */,
			);
		};
/* End PBXProject section */

/* Begin PBXResourcesBuildPhase section */
		EDEC5CC0216E907800517854 /* Resources */ = {
			isa = PBXResourcesBuildPhase;
			buildActionMask = 2147483647;
			files = (
				EDEC5CD4216E907C00517854 /* LaunchScreen.storyboard in Resources */,
				EDEC5CD1216E907C00517854 /* Assets.xcassets in Resources */,
				EDEC5CCF216E907800517854 /* Main.storyboard in Resources */,
			);
			runOnlyForDeploymentPostprocessing = 0;
		};
/* End PBXResourcesBuildPhase section */

/* Begin PBXSourcesBuildPhase section */
		EDEC5CBE216E907800517854 /* Sources */ = {
			isa = PBXSourcesBuildPhase;
			buildActionMask = 2147483647;
			files = (
				ED513523216F8994004D71E3 /* Address.swift in Sources */,
				ED51351E216F8993004D71E3 /* imageCollectionViewController.swift in Sources */,
				ED513524216F8994004D71E3 /* ImageViewController.swift in Sources */,
				ED513520216F8993004D71E3 /* Consts.swift in Sources */,
				EDEC5CCC216E907800517854 /* ImageGalleryDocument.swift in Sources */,
				ED51351F216F8993004D71E3 /* imageCollectionViewCell.swift in Sources */,
				EDEC5CC8216E907800517854 /* DocumentBrowserViewController.swift in Sources */,
				ED513522216F8993004D71E3 /* Utilities.swift in Sources */,
				EDEC5CC6216E907800517854 /* AppDelegate.swift in Sources */,
				ED513525216F8994004D71E3 /* ImageGallery.swift in Sources */,
			);
			runOnlyForDeploymentPostprocessing = 0;
		};
/* End PBXSourcesBuildPhase section */

/* Begin PBXVariantGroup section */
		EDEC5CCD216E907800517854 /* Main.storyboard */ = {
			isa = PBXVariantGroup;
			children = (
				EDEC5CCE216E907800517854 /* Base */,
			);
			name = Main.storyboard;
			sourceTree = "<group>";
		};
		EDEC5CD2216E907C00517854 /* LaunchScreen.storyboard */ = {
			isa = PBXVariantGroup;
			children = (
				EDEC5CD3216E907C00517854 /* Base */,
			);
			name = LaunchScreen.storyboard;
			sourceTree = "<group>";
		};
/* End PBXVariantGroup section */

/* Begin XCBuildConfiguration section */
		EDEC5CD6216E907C00517854 /* Debug */ = {
			isa = XCBuildConfiguration;
			buildSettings = {
				ALWAYS_SEARCH_USER_PATHS = NO;
				CLANG_ANALYZER_NONNULL = YES;
				CLANG_ANALYZER_NUMBER_OBJECT_CONVERSION = YES_AGGRESSIVE;
				CLANG_CXX_LANGUAGE_STANDARD = "gnu++14";
				CLANG_CXX_LIBRARY = "libc++";
				CLANG_ENABLE_MODULES = YES;
				CLANG_ENABLE_OBJC_ARC = YES;
				CLANG_ENABLE_OBJC_WEAK = YES;
				CLANG_WARN_BLOCK_CAPTURE_AUTORELEASING = YES;
				CLANG_WARN_BOOL_CONVERSION = YES;
				CLANG_WARN_COMMA = YES;
				CLANG_WARN_CONSTANT_CONVERSION = YES;
				CLANG_WARN_DEPRECATED_OBJC_IMPLEMENTATIONS = YES;
				CLANG_WARN_DIRECT_OBJC_ISA_USAGE = YES_ERROR;
				CLANG_WARN_DOCUMENTATION_COMMENTS = YES;
				CLANG_WARN_EMPTY_BODY = YES;
				CLANG_WARN_ENUM_CONVERSION = YES;
				CLANG_WARN_INFINITE_RECURSION = YES;
				CLANG_WARN_INT_CONVERSION = YES;
				CLANG_WARN_NON_LITERAL_NULL_CONVERSION = YES;
				CLANG_WARN_OBJC_IMPLICIT_RETAIN_SELF = YES;
				CLANG_WARN_OBJC_LITERAL_CONVERSION = YES;
				CLANG_WARN_OBJC_ROOT_CLASS = YES_ERROR;
				CLANG_WARN_RANGE_LOOP_ANALYSIS = YES;
				CLANG_WARN_STRICT_PROTOTYPES = YES;
				CLANG_WARN_SUSPICIOUS_MOVE = YES;
				CLANG_WARN_UNGUARDED_AVAILABILITY = YES_AGGRESSIVE;
				CLANG_WARN_UNREACHABLE_CODE = YES;
				CLANG_WARN__DUPLICATE_METHOD_MATCH = YES;
				CODE_SIGN_IDENTITY = "iPhone Developer";
				COPY_PHASE_STRIP = NO;
				DEBUG_INFORMATION_FORMAT = dwarf;
				ENABLE_STRICT_OBJC_MSGSEND = YES;
				ENABLE_TESTABILITY = YES;
				GCC_C_LANGUAGE_STANDARD = gnu11;
				GCC_DYNAMIC_NO_PIC = NO;
				GCC_NO_COMMON_BLOCKS = YES;
				GCC_OPTIMIZATION_LEVEL = 0;
				GCC_PREPROCESSOR_DEFINITIONS = (
					"DEBUG=1",
					"$(inherited)",
				);
				GCC_WARN_64_TO_32_BIT_CONVERSION = YES;
				GCC_WARN_ABOUT_RETURN_TYPE = YES_ERROR;
				GCC_WARN_UNDECLARED_SELECTOR = YES;
				GCC_WARN_UNINITIALIZED_AUTOS = YES_AGGRESSIVE;
				GCC_WARN_UNUSED_FUNCTION = YES;
				GCC_WARN_UNUSED_VARIABLE = YES;
				IPHONEOS_DEPLOYMENT_TARGET = 12.0;
				MTL_ENABLE_DEBUG_INFO = INCLUDE_SOURCE;
				MTL_FAST_MATH = YES;
				ONLY_ACTIVE_ARCH = YES;
				SDKROOT = iphoneos;
				SWIFT_ACTIVE_COMPILATION_CONDITIONS = DEBUG;
				SWIFT_OPTIMIZATION_LEVEL = "-Onone";
			};
			name = Debug;
		};
		EDEC5CD7216E907C00517854 /* Release */ = {
			isa = XCBuildConfiguration;
			buildSettings = {
				ALWAYS_SEARCH_USER_PATHS = NO;
				CLANG_ANALYZER_NONNULL = YES;
				CLANG_ANALYZER_NUMBER_OBJECT_CONVERSION = YES_AGGRESSIVE;
				CLANG_CXX_LANGUAGE_STANDARD = "gnu++14";
				CLANG_CXX_LIBRARY = "libc++";
				CLANG_ENABLE_MODULES = YES;
				CLANG_ENABLE_OBJC_ARC = YES;
				CLANG_ENABLE_OBJC_WEAK = YES;
				CLANG_WARN_BLOCK_CAPTURE_AUTORELEASING = YES;
				CLANG_WARN_BOOL_CONVERSION = YES;
				CLANG_WARN_COMMA = YES;
				CLANG_WARN_CONSTANT_CONVERSION = YES;
				CLANG_WARN_DEPRECATED_OBJC_IMPLEMENTATIONS = YES;
				CLANG_WARN_DIRECT_OBJC_ISA_USAGE = YES_ERROR;
				CLANG_WARN_DOCUMENTATION_COMMENTS = YES;
				CLANG_WARN_EMPTY_BODY = YES;
				CLANG_WARN_ENUM_CONVERSION = YES;
				CLANG_WARN_INFINITE_RECURSION = YES;
				CLANG_WARN_INT_CONVERSION = YES;
				CLANG_WARN_NON_LITERAL_NULL_CONVERSION = YES;
				CLANG_WARN_OBJC_IMPLICIT_RETAIN_SELF = YES;
				CLANG_WARN_OBJC_LITERAL_CONVERSION = YES;
				CLANG_WARN_OBJC_ROOT_CLASS = YES_ERROR;
				CLANG_WARN_RANGE_LOOP_ANALYSIS = YES;
				CLANG_WARN_STRICT_PROTOTYPES = YES;
				CLANG_WARN_SUSPICIOUS_MOVE = YES;
				CLANG_WARN_UNGUARDED_AVAILABILITY = YES_AGGRESSIVE;
				CLANG_WARN_UNREACHABLE_CODE = YES;
				CLANG_WARN__DUPLICATE_METHOD_MATCH = YES;
				CODE_SIGN_IDENTITY = "iPhone Developer";
				COPY_PHASE_STRIP = NO;
				DEBUG_INFORMATION_FORMAT = "dwarf-with-dsym";
				ENABLE_NS_ASSERTIONS = NO;
				ENABLE_STRICT_OBJC_MSGSEND = YES;
				GCC_C_LANGUAGE_STANDARD = gnu11;
				GCC_NO_COMMON_BLOCKS = YES;
				GCC_WARN_64_TO_32_BIT_CONVERSION = YES;
				GCC_WARN_ABOUT_RETURN_TYPE = YES_ERROR;
				GCC_WARN_UNDECLARED_SELECTOR = YES;
				GCC_WARN_UNINITIALIZED_AUTOS = YES_AGGRESSIVE;
				GCC_WARN_UNUSED_FUNCTION = YES;
				GCC_WARN_UNUSED_VARIABLE = YES;
				IPHONEOS_DEPLOYMENT_TARGET = 12.0;
				MTL_ENABLE_DEBUG_INFO = NO;
				MTL_FAST_MATH = YES;
				SDKROOT = iphoneos;
				SWIFT_COMPILATION_MODE = wholemodule;
				SWIFT_OPTIMIZATION_LEVEL = "-O";
				VALIDATE_PRODUCT = YES;
			};
			name = Release;
		};
		EDEC5CD9216E907C00517854 /* Debug */ = {
			isa = XCBuildConfiguration;
			buildSettings = {
				ASSETCATALOG_COMPILER_APPICON_NAME = AppIcon;
				CODE_SIGN_STYLE = Automatic;
				DEVELOPMENT_TEAM = 65DZUTCNAC;
				INFOPLIST_FILE = "Persist Image Gallery/Info.plist";
				IPHONEOS_DEPLOYMENT_TARGET = 12.0;
				LD_RUNPATH_SEARCH_PATHS = (
					"$(inherited)",
					"@executable_path/Frameworks",
				);
				PRODUCT_BUNDLE_IDENTIFIER = "-19100806.Persist-Image-Gallery";
				PRODUCT_NAME = "$(TARGET_NAME)";
				SWIFT_VERSION = 4.2;
				TARGETED_DEVICE_FAMILY = "1,2";
			};
			name = Debug;
		};
		EDEC5CDA216E907C00517854 /* Release */ = {
			isa = XCBuildConfiguration;
			buildSettings = {
				ASSETCATALOG_COMPILER_APPICON_NAME = AppIcon;
				CODE_SIGN_STYLE = Automatic;
				DEVELOPMENT_TEAM = 65DZUTCNAC;
				INFOPLIST_FILE = "Persist Image Gallery/Info.plist";
				IPHONEOS_DEPLOYMENT_TARGET = 12.0;
				LD_RUNPATH_SEARCH_PATHS = (
					"$(inherited)",
					"@executable_path/Frameworks",
				);
				PRODUCT_BUNDLE_IDENTIFIER = "-19100806.Persist-Image-Gallery";
				PRODUCT_NAME = "$(TARGET_NAME)";
				SWIFT_VERSION = 4.2;
				TARGETED_DEVICE_FAMILY = "1,2";
			};
			name = Release;
		};
/* End XCBuildConfiguration section */

/* Begin XCConfigurationList section */
		EDEC5CBD216E907800517854 /* Build configuration list for PBXProject "Persist Image Gallery" */ = {
			isa = XCConfigurationList;
			buildConfigurations = (
				EDEC5CD6216E907C00517854 /* Debug */,
				EDEC5CD7216E907C00517854 /* Release */,
			);
			defaultConfigurationIsVisible = 0;
			defaultConfigurationName = Release;
		};
		EDEC5CD8216E907C00517854 /* Build configuration list for PBXNativeTarget "Persist Image Gallery" */ = {
			isa = XCConfigurationList;
			buildConfigurations = (
				EDEC5CD9216E907C00517854 /* Debug */,
				EDEC5CDA216E907C00517854 /* Release */,
			);
			defaultConfigurationIsVisible = 0;
			defaultConfigurationName = Release;
		};
/* End XCConfigurationList section */
	};
	rootObject = EDEC5CBA216E907800517854 /* Project object */;
}
